
Microsoft Visual Studio Solution File, Format Version 12.00
# Visual Studio Version 16
VisualStudioVersion = 16.0.30907.101
MinimumVisualStudioVersion = 10.0.40219.1
Project("{9A19103F-16F7-4668-BE54-9A1E7A4F7556}") = "JenkinsIntegration", "JenkinsIntegration\JenkinsIntegration.csproj", "{633FAF79-5EEE-4EB6-93F4-1902A3F48A23}"
EndProject
Project("{9A19103F-16F7-4668-BE54-9A1E7A4F7556}") = "JenkinsIntegration.Tests", "JenkinsIntegration.Tests\JenkinsIntegration.Tests.csproj", "{4023DAAF-24FA-495D-906F-83641B4B8A3E}"
EndProject
Project("{9A19103F-16F7-4668-BE54-9A1E7A4F7556}") = "JenkinsIntegration.Services", "JenkinsIntegration.Services\JenkinsIntegration.Services.csproj", "{DA3246B1-E256-4214-9C13-E21AE2DD5C2E}"
EndProject
#Project("{930C7802-8A8C-48F9-8165-68863BCCD9DD}") = "JenkinsIntegrationSetup", "JenkinsIntegrationSetup\JenkinsIntegrationSetup.wixproj", "{D296ABD1-49D9-443B-BF90-45687CF7C148}"
#EndProject
Global
	GlobalSection(SolutionConfigurationPlatforms) = preSolution
		Debug|Any CPU = Debug|Any CPU
		Debug|x86 = Debug|x86
		Release|Any CPU = Release|Any CPU
		Release|x86 = Release|x86
	EndGlobalSection
	GlobalSection(ProjectConfigurationPlatforms) = postSolution
		{633FAF79-5EEE-4EB6-93F4-1902A3F48A23}.Debug|Any CPU.ActiveCfg = Release|Any CPU
		{633FAF79-5EEE-4EB6-93F4-1902A3F48A23}.Debug|Any CPU.Build.0 = Release|Any CPU
		{633FAF79-5EEE-4EB6-93F4-1902A3F48A23}.Debug|x86.ActiveCfg = Debug|Any CPU
		{633FAF79-5EEE-4EB6-93F4-1902A3F48A23}.Debug|x86.Build.0 = Debug|Any CPU
		{633FAF79-5EEE-4EB6-93F4-1902A3F48A23}.Release|Any CPU.ActiveCfg = Release|Any CPU
		{633FAF79-5EEE-4EB6-93F4-1902A3F48A23}.Release|Any CPU.Build.0 = Release|Any CPU
		{633FAF79-5EEE-4EB6-93F4-1902A3F48A23}.Release|x86.ActiveCfg = Release|Any CPU
		{633FAF79-5EEE-4EB6-93F4-1902A3F48A23}.Release|x86.Build.0 = Release|Any CPU
		{4023DAAF-24FA-495D-906F-83641B4B8A3E}.Debug|Any CPU.ActiveCfg = Release|Any CPU
		{4023DAAF-24FA-495D-906F-83641B4B8A3E}.Debug|Any CPU.Build.0 = Release|Any CPU
		{4023DAAF-24FA-495D-906F-83641B4B8A3E}.Debug|x86.ActiveCfg = Debug|Any CPU
		{4023DAAF-24FA-495D-906F-83641B4B8A3E}.Debug|x86.Build.0 = Debug|Any CPU
		{4023DAAF-24FA-495D-906F-83641B4B8A3E}.Release|Any CPU.ActiveCfg = Release|Any CPU
		{4023DAAF-24FA-495D-906F-83641B4B8A3E}.Release|Any CPU.Build.0 = Release|Any CPU
		{4023DAAF-24FA-495D-906F-83641B4B8A3E}.Release|x86.ActiveCfg = Release|Any CPU
		{4023DAAF-24FA-495D-906F-83641B4B8A3E}.Release|x86.Build.0 = Release|Any CPU
		{DA3246B1-E256-4214-9C13-E21AE2DD5C2E}.Debug|Any CPU.ActiveCfg = Release|Any CPU
		{DA3246B1-E256-4214-9C13-E21AE2DD5C2E}.Debug|Any CPU.Build.0 = Release|Any CPU
		{DA3246B1-E256-4214-9C13-E21AE2DD5C2E}.Debug|x86.ActiveCfg = Debug|Any CPU
		{DA3246B1-E256-4214-9C13-E21AE2DD5C2E}.Debug|x86.Build.0 = Debug|Any CPU
		{DA3246B1-E256-4214-9C13-E21AE2DD5C2E}.Release|Any CPU.ActiveCfg = Release|Any CPU
		{DA3246B1-E256-4214-9C13-E21AE2DD5C2E}.Release|Any CPU.Build.0 = Release|Any CPU
		{DA3246B1-E256-4214-9C13-E21AE2DD5C2E}.Release|x86.ActiveCfg = Release|Any CPU
		{DA3246B1-E256-4214-9C13-E21AE2DD5C2E}.Release|x86.Build.0 = Release|Any CPU
		{D296ABD1-49D9-443B-BF90-45687CF7C148}.Debug|Any CPU.ActiveCfg = Debug|x86
		{D296ABD1-49D9-443B-BF90-45687CF7C148}.Debug|Any CPU.Build.0 = Debug|x86
		{D296ABD1-49D9-443B-BF90-45687CF7C148}.Debug|x86.ActiveCfg = Debug|x86
		{D296ABD1-49D9-443B-BF90-45687CF7C148}.Debug|x86.Build.0 = Debug|x86
		{D296ABD1-49D9-443B-BF90-45687CF7C148}.Release|Any CPU.ActiveCfg = Release|x86
		{D296ABD1-49D9-443B-BF90-45687CF7C148}.Release|x86.ActiveCfg = Release|x86
		{D296ABD1-49D9-443B-BF90-45687CF7C148}.Release|x86.Build.0 = Release|x86
	EndGlobalSection
	GlobalSection(SolutionProperties) = preSolution
		HideSolutionNode = FALSE
	EndGlobalSection
	GlobalSection(ExtensibilityGlobals) = postSolution
		SolutionGuid = {26863A78-437A-42A2-8D91-92EC6C7BC65F}
	EndGlobalSection
EndGlobal
